
Microsoft Visual Studio Solution File, Format Version 12.00
# Visual Studio 15
VisualStudioVersion = 15.0.27004.2002
MinimumVisualStudioVersion = 10.0.40219.1
Project("{D954291E-2A0B-460D-934E-DC6B0785DB48}") = "TwitterFlowList", "TwitterFlowList\TwitterFlowList\TwitterFlowList.shproj", "{A680E8E3-A03D-48BE-9857-7E6DBA798E86}"
EndProject
Project("{FAE04EC0-301F-11D3-BF4B-00C04F79EFBC}") = "TwitterFlowList.Android", "TwitterFlowList\TwitterFlowList.Android\TwitterFlowList.Android.csproj", "{7E1E1DBF-8592-4B7F-9679-336AFEEB5F73}"
EndProject
Project("{FAE04EC0-301F-11D3-BF4B-00C04F79EFBC}") = "TwitterFlowList.iOS", "TwitterFlowList\TwitterFlowList.iOS\TwitterFlowList.iOS.csproj", "{1A5E0924-40AF-4ADF-9632-5A42EFB58AAC}"
EndProject
Project("{FAE04EC0-301F-11D3-BF4B-00C04F79EFBC}") = "TwitterFlowList.UWP", "TwitterFlowList\TwitterFlowList.UWP\TwitterFlowList.UWP.csproj", "{67236FF4-0F24-43A7-BF84-918C94A580B0}"
EndProject
Project("{FAE04EC0-301F-11D3-BF4B-00C04F79EFBC}") = "TwitterFlowList.Business", "TwitterFlowList.Business\TwitterFlowList.Business.csproj", "{14F664C1-9CE0-4D7C-86DE-A6187CFDDCD5}"
EndProject
Global
	GlobalSection(SharedMSBuildProjectFiles) = preSolution
		TwitterFlowList\TwitterFlowList\TwitterFlowList.projitems*{1a5e0924-40af-4adf-9632-5a42efb58aac}*SharedItemsImports = 4
		TwitterFlowList\TwitterFlowList\TwitterFlowList.projitems*{67236ff4-0f24-43a7-bf84-918c94a580b0}*SharedItemsImports = 4
		TwitterFlowList\TwitterFlowList\TwitterFlowList.projitems*{7e1e1dbf-8592-4b7f-9679-336afeeb5f73}*SharedItemsImports = 4
		TwitterFlowList\TwitterFlowList\TwitterFlowList.projitems*{a680e8e3-a03d-48be-9857-7e6dba798e86}*SharedItemsImports = 13
	EndGlobalSection
	GlobalSection(SolutionConfigurationPlatforms) = preSolution
		Debug|Any CPU = Debug|Any CPU
		Debug|ARM = Debug|ARM
		Debug|iPhone = Debug|iPhone
		Debug|iPhoneSimulator = Debug|iPhoneSimulator
		Debug|x64 = Debug|x64
		Debug|x86 = Debug|x86
		Release|Any CPU = Release|Any CPU
		Release|ARM = Release|ARM
		Release|iPhone = Release|iPhone
		Release|iPhoneSimulator = Release|iPhoneSimulator
		Release|x64 = Release|x64
		Release|x86 = Release|x86
	EndGlobalSection
	GlobalSection(ProjectConfigurationPlatforms) = postSolution
		{7E1E1DBF-8592-4B7F-9679-336AFEEB5F73}.Debug|Any CPU.ActiveCfg = Debug|Any CPU
		{7E1E1DBF-8592-4B7F-9679-336AFEEB5F73}.Debug|Any CPU.Build.0 = Debug|Any CPU
		{7E1E1DBF-8592-4B7F-9679-336AFEEB5F73}.Debug|Any CPU.Deploy.0 = Debug|Any CPU
		{7E1E1DBF-8592-4B7F-9679-336AFEEB5F73}.Debug|ARM.ActiveCfg = Debug|Any CPU
		{7E1E1DBF-8592-4B7F-9679-336AFEEB5F73}.Debug|ARM.Build.0 = Debug|Any CPU
		{7E1E1DBF-8592-4B7F-9679-336AFEEB5F73}.Debug|ARM.Deploy.0 = Debug|Any CPU
		{7E1E1DBF-8592-4B7F-9679-336AFEEB5F73}.Debug|iPhone.ActiveCfg = Debug|Any CPU
		{7E1E1DBF-8592-4B7F-9679-336AFEEB5F73}.Debug|iPhone.Build.0 = Debug|Any CPU
		{7E1E1DBF-8592-4B7F-9679-336AFEEB5F73}.Debug|iPhone.Deploy.0 = Debug|Any CPU
		{7E1E1DBF-8592-4B7F-9679-336AFEEB5F73}.Debug|iPhoneSimulator.ActiveCfg = Debug|Any CPU
		{7E1E1DBF-8592-4B7F-9679-336AFEEB5F73}.Debug|iPhoneSimulator.Build.0 = Debug|Any CPU
		{7E1E1DBF-8592-4B7F-9679-336AFEEB5F73}.Debug|iPhoneSimulator.Deploy.0 = Debug|Any CPU
		{7E1E1DBF-8592-4B7F-9679-336AFEEB5F73}.Debug|x64.ActiveCfg = Debug|Any CPU
		{7E1E1DBF-8592-4B7F-9679-336AFEEB5F73}.Debug|x64.Build.0 = Debug|Any CPU
		{7E1E1DBF-8592-4B7F-9679-336AFEEB5F73}.Debug|x64.Deploy.0 = Debug|Any CPU
		{7E1E1DBF-8592-4B7F-9679-336AFEEB5F73}.Debug|x86.ActiveCfg = Debug|Any CPU
		{7E1E1DBF-8592-4B7F-9679-336AFEEB5F73}.Debug|x86.Build.0 = Debug|Any CPU
		{7E1E1DBF-8592-4B7F-9679-336AFEEB5F73}.Debug|x86.Deploy.0 = Debug|Any CPU
		{7E1E1DBF-8592-4B7F-9679-336AFEEB5F73}.Release|Any CPU.ActiveCfg = Release|Any CPU
		{7E1E1DBF-8592-4B7F-9679-336AFEEB5F73}.Release|Any CPU.Build.0 = Release|Any CPU
		{7E1E1DBF-8592-4B7F-9679-336AFEEB5F73}.Release|Any CPU.Deploy.0 = Release|Any CPU
		{7E1E1DBF-8592-4B7F-9679-336AFEEB5F73}.Release|ARM.ActiveCfg = Release|Any CPU
		{7E1E1DBF-8592-4B7F-9679-336AFEEB5F73}.Release|ARM.Build.0 = Release|Any CPU
		{7E1E1DBF-8592-4B7F-9679-336AFEEB5F73}.Release|ARM.Deploy.0 = Release|Any CPU
		{7E1E1DBF-8592-4B7F-9679-336AFEEB5F73}.Release|iPhone.ActiveCfg = Release|Any CPU
		{7E1E1DBF-8592-4B7F-9679-336AFEEB5F73}.Release|iPhone.Build.0 = Release|Any CPU
		{7E1E1DBF-8592-4B7F-9679-336AFEEB5F73}.Release|iPhone.Deploy.0 = Release|Any CPU
		{7E1E1DBF-8592-4B7F-9679-336AFEEB5F73}.Release|iPhoneSimulator.ActiveCfg = Release|Any CPU
		{7E1E1DBF-8592-4B7F-9679-336AFEEB5F73}.Release|iPhoneSimulator.Build.0 = Release|Any CPU
		{7E1E1DBF-8592-4B7F-9679-336AFEEB5F73}.Release|iPhoneSimulator.Deploy.0 = Release|Any CPU
		{7E1E1DBF-8592-4B7F-9679-336AFEEB5F73}.Release|x64.ActiveCfg = Release|Any CPU
		{7E1E1DBF-8592-4B7F-9679-336AFEEB5F73}.Release|x64.Build.0 = Release|Any CPU
		{7E1E1DBF-8592-4B7F-9679-336AFEEB5F73}.Release|x64.Deploy.0 = Release|Any CPU
		{7E1E1DBF-8592-4B7F-9679-336AFEEB5F73}.Release|x86.ActiveCfg = Release|Any CPU
		{7E1E1DBF-8592-4B7F-9679-336AFEEB5F73}.Release|x86.Build.0 = Release|Any CPU
		{7E1E1DBF-8592-4B7F-9679-336AFEEB5F73}.Release|x86.Deploy.0 = Release|Any CPU
		{1A5E0924-40AF-4ADF-9632-5A42EFB58AAC}.Debug|Any CPU.ActiveCfg = Debug|iPhoneSimulator
		{1A5E0924-40AF-4ADF-9632-5A42EFB58AAC}.Debug|ARM.ActiveCfg = Debug|iPhone
		{1A5E0924-40AF-4ADF-9632-5A42EFB58AAC}.Debug|iPhone.ActiveCfg = Debug|iPhone
		{1A5E0924-40AF-4ADF-9632-5A42EFB58AAC}.Debug|iPhone.Build.0 = Debug|iPhone
		{1A5E0924-40AF-4ADF-9632-5A42EFB58AAC}.Debug|iPhoneSimulator.ActiveCfg = Debug|iPhoneSimulator
		{1A5E0924-40AF-4ADF-9632-5A42EFB58AAC}.Debug|iPhoneSimulator.Build.0 = Debug|iPhoneSimulator
		{1A5E0924-40AF-4ADF-9632-5A42EFB58AAC}.Debug|x64.ActiveCfg = Debug|iPhone
		{1A5E0924-40AF-4ADF-9632-5A42EFB58AAC}.Debug|x86.ActiveCfg = Debug|iPhone
		{1A5E0924-40AF-4ADF-9632-5A42EFB58AAC}.Release|Any CPU.ActiveCfg = Release|iPhoneSimulator
		{1A5E0924-40AF-4ADF-9632-5A42EFB58AAC}.Release|ARM.ActiveCfg = Release|iPhone
		{1A5E0924-40AF-4ADF-9632-5A42EFB58AAC}.Release|iPhone.ActiveCfg = Release|iPhone
		{1A5E0924-40AF-4ADF-9632-5A42EFB58AAC}.Release|iPhone.Build.0 = Release|iPhone
		{1A5E0924-40AF-4ADF-9632-5A42EFB58AAC}.Release|iPhoneSimulator.ActiveCfg = Release|iPhoneSimulator
		{1A5E0924-40AF-4ADF-9632-5A42EFB58AAC}.Release|iPhoneSimulator.Build.0 = Release|iPhoneSimulator
		{1A5E0924-40AF-4ADF-9632-5A42EFB58AAC}.Release|x64.ActiveCfg = Release|iPhone
		{1A5E0924-40AF-4ADF-9632-5A42EFB58AAC}.Release|x86.ActiveCfg = Release|iPhone
		{67236FF4-0F24-43A7-BF84-918C94A580B0}.Debug|Any CPU.ActiveCfg = Debug|x86
		{67236FF4-0F24-43A7-BF84-918C94A580B0}.Debug|ARM.ActiveCfg = Debug|ARM
		{67236FF4-0F24-43A7-BF84-918C94A580B0}.Debug|ARM.Build.0 = Debug|ARM
		{67236FF4-0F24-43A7-BF84-918C94A580B0}.Debug|ARM.Deploy.0 = Debug|ARM
		{67236FF4-0F24-43A7-BF84-918C94A580B0}.Debug|iPhone.ActiveCfg = Debug|x86
		{67236FF4-0F24-43A7-BF84-918C94A580B0}.Debug|iPhoneSimulator.ActiveCfg = Debug|x86
		{67236FF4-0F24-43A7-BF84-918C94A580B0}.Debug|x64.ActiveCfg = Debug|x64
		{67236FF4-0F24-43A7-BF84-918C94A580B0}.Debug|x64.Build.0 = Debug|x64
		{67236FF4-0F24-43A7-BF84-918C94A580B0}.Debug|x64.Deploy.0 = Debug|x64
		{67236FF4-0F24-43A7-BF84-918C94A580B0}.Debug|x86.ActiveCfg = Debug|x86
		{67236FF4-0F24-43A7-BF84-918C94A580B0}.Debug|x86.Build.0 = Debug|x86
		{67236FF4-0F24-43A7-BF84-918C94A580B0}.Debug|x86.Deploy.0 = Debug|x86
		{67236FF4-0F24-43A7-BF84-918C94A580B0}.Release|Any CPU.ActiveCfg = Release|x86
		{67236FF4-0F24-43A7-BF84-918C94A580B0}.Release|ARM.ActiveCfg = Release|ARM
		{67236FF4-0F24-43A7-BF84-918C94A580B0}.Release|ARM.Build.0 = Release|ARM
		{67236FF4-0F24-43A7-BF84-918C94A580B0}.Release|ARM.Deploy.0 = Release|ARM
		{67236FF4-0F24-43A7-BF84-918C94A580B0}.Release|iPhone.ActiveCfg = Release|x86
		{67236FF4-0F24-43A7-BF84-918C94A580B0}.Release|iPhoneSimulator.ActiveCfg = Release|x86
		{67236FF4-0F24-43A7-BF84-918C94A580B0}.Release|x64.ActiveCfg = Release|x64
		{67236FF4-0F24-43A7-BF84-918C94A580B0}.Release|x64.Build.0 = Release|x64
		{67236FF4-0F24-43A7-BF84-918C94A580B0}.Release|x64.Deploy.0 = Release|x64
		{67236FF4-0F24-43A7-BF84-918C94A580B0}.Release|x86.ActiveCfg = Release|x86
		{67236FF4-0F24-43A7-BF84-918C94A580B0}.Release|x86.Build.0 = Release|x86
		{67236FF4-0F24-43A7-BF84-918C94A580B0}.Release|x86.Deploy.0 = Release|x86
		{14F664C1-9CE0-4D7C-86DE-A6187CFDDCD5}.Debug|Any CPU.ActiveCfg = Debug|Any CPU
		{14F664C1-9CE0-4D7C-86DE-A6187CFDDCD5}.Debug|Any CPU.Build.0 = Debug|Any CPU
		{14F664C1-9CE0-4D7C-86DE-A6187CFDDCD5}.Debug|ARM.ActiveCfg = Debug|Any CPU
		{14F664C1-9CE0-4D7C-86DE-A6187CFDDCD5}.Debug|ARM.Build.0 = Debug|Any CPU
		{14F664C1-9CE0-4D7C-86DE-A6187CFDDCD5}.Debug|iPhone.ActiveCfg = Debug|Any CPU
		{14F664C1-9CE0-4D7C-86DE-A6187CFDDCD5}.Debug|iPhone.Build.0 = Debug|Any CPU
		{14F664C1-9CE0-4D7C-86DE-A6187CFDDCD5}.Debug|iPhoneSimulator.ActiveCfg = Debug|Any CPU
		{14F664C1-9CE0-4D7C-86DE-A6187CFDDCD5}.Debug|iPhoneSimulator.Build.0 = Debug|Any CPU
		{14F664C1-9CE0-4D7C-86DE-A6187CFDDCD5}.Debug|x64.ActiveCfg = Debug|Any CPU
		{14F664C1-9CE0-4D7C-86DE-A6187CFDDCD5}.Debug|x64.Build.0 = Debug|Any CPU
		{14F664C1-9CE0-4D7C-86DE-A6187CFDDCD5}.Debug|x86.ActiveCfg = Debug|Any CPU
		{14F664C1-9CE0-4D7C-86DE-A6187CFDDCD5}.Debug|x86.Build.0 = Debug|Any CPU
		{14F664C1-9CE0-4D7C-86DE-A6187CFDDCD5}.Release|Any CPU.ActiveCfg = Release|Any CPU
		{14F664C1-9CE0-4D7C-86DE-A6187CFDDCD5}.Release|Any CPU.Build.0 = Release|Any CPU
		{14F664C1-9CE0-4D7C-86DE-A6187CFDDCD5}.Release|ARM.ActiveCfg = Release|Any CPU
		{14F664C1-9CE0-4D7C-86DE-A6187CFDDCD5}.Release|ARM.Build.0 = Release|Any CPU
		{14F664C1-9CE0-4D7C-86DE-A6187CFDDCD5}.Release|iPhone.ActiveCfg = Release|Any CPU
		{14F664C1-9CE0-4D7C-86DE-A6187CFDDCD5}.Release|iPhone.Build.0 = Release|Any CPU
		{14F664C1-9CE0-4D7C-86DE-A6187CFDDCD5}.Release|iPhoneSimulator.ActiveCfg = Release|Any CPU
		{14F664C1-9CE0-4D7C-86DE-A6187CFDDCD5}.Release|iPhoneSimulator.Build.0 = Release|Any CPU
		{14F664C1-9CE0-4D7C-86DE-A6187CFDDCD5}.Release|x64.ActiveCfg = Release|Any CPU
		{14F664C1-9CE0-4D7C-86DE-A6187CFDDCD5}.Release|x64.Build.0 = Release|Any CPU
		{14F664C1-9CE0-4D7C-86DE-A6187CFDDCD5}.Release|x86.ActiveCfg = Release|Any CPU
		{14F664C1-9CE0-4D7C-86DE-A6187CFDDCD5}.Release|x86.Build.0 = Release|Any CPU
	EndGlobalSection
	GlobalSection(SolutionProperties) = preSolution
		HideSolutionNode = FALSE
	EndGlobalSection
	GlobalSection(ExtensibilityGlobals) = postSolution
		SolutionGuid = {B1557035-E4F4-4DEF-BC93-B16A08A5E753}
	EndGlobalSection
EndGlobal
